{
  "name": "appmeam",
  "version": "1.0.0",
  "lockfileVersion": 3,
  "requires": true,
  "packages": {
    "": {
      "name": "appmeam",
      "version": "1.0.0",
      "license": "ISC",
      "dependencies": {
        "@perplexity-ai/perplexity_ai": "^0.38.3"
      }
    },
    "node_modules/@perplexity-ai/perplexity_ai": {
      "version": "0.38.3",
      "resolved": "https://registry.npmjs.org/@perplexity-ai/perplexity_ai/-/perplexity_ai-0.38.3.tgz",
      "integrity": "sha512-kTxBFbgLH9c9B0VCaOyv2i01k8MHhfzKsn1LIZv8HB7HkCNVO054L7hA1DFiwNtaPKsNSeSNVWXoJoYG5D7SkA==",
      "license": "Apache-2.0"
    }
  }
}
